
Microsoft Visual Studio Solution File, Format Version 12.00
Project("{2150E333-8FDC-42A3-9474-1A3956D46DE8}") = "Plugins", "Plugins", "{960F3A49-894A-4961-9A28-44FC041878F5}"
EndProject
Project("{FAE04EC0-301F-11D3-BF4B-00C04F79EFBC}") = "Core", "Core\Core.csproj", "{C92FBF9F-27AE-4B44-A1D7-1A50763416AF}"
EndProject
Project("{FAE04EC0-301F-11D3-BF4B-00C04F79EFBC}") = "HeadUnit", "HeadUnit\HeadUnit.csproj", "{0C8FC6E1-8A43-4F50-9C14-59BA9491129C}"
EndProject
Project("{FAE04EC0-301F-11D3-BF4B-00C04F79EFBC}") = "Host", "Host\Host.csproj", "{16DBBD2C-CB9E-4A62-9EE2-DF5179E083C7}"
EndProject
Project("{FAE04EC0-301F-11D3-BF4B-00C04F79EFBC}") = "Hardware", "Hardware\Hardware.csproj", "{79864A1E-3EC2-4C9E-880A-85DAF3824DB6}"
EndProject
Project("{FAE04EC0-301F-11D3-BF4B-00C04F79EFBC}") = "AudioPlayer", "AudioPlayer\AudioPlayer.csproj", "{89A4D442-8DBE-4488-914A-2A10A9D8DEC2}"
EndProject
Project("{FAE04EC0-301F-11D3-BF4B-00C04F79EFBC}") = "VideoPlayer", "VideoPlayer\VideoPlayer.csproj", "{F53E31CC-0E9E-4010-A28A-7012BC868A51}"
EndProject
Global
	GlobalSection(SolutionConfigurationPlatforms) = preSolution
		Debug|Any CPU = Debug|Any CPU
		Release|Any CPU = Release|Any CPU
	EndGlobalSection
	GlobalSection(ProjectConfigurationPlatforms) = postSolution
		{C92FBF9F-27AE-4B44-A1D7-1A50763416AF}.Debug|Any CPU.ActiveCfg = Debug|Any CPU
		{C92FBF9F-27AE-4B44-A1D7-1A50763416AF}.Debug|Any CPU.Build.0 = Debug|Any CPU
		{C92FBF9F-27AE-4B44-A1D7-1A50763416AF}.Release|Any CPU.ActiveCfg = Release|Any CPU
		{C92FBF9F-27AE-4B44-A1D7-1A50763416AF}.Release|Any CPU.Build.0 = Release|Any CPU
		{0C8FC6E1-8A43-4F50-9C14-59BA9491129C}.Debug|Any CPU.ActiveCfg = Debug|Any CPU
		{0C8FC6E1-8A43-4F50-9C14-59BA9491129C}.Debug|Any CPU.Build.0 = Debug|Any CPU
		{0C8FC6E1-8A43-4F50-9C14-59BA9491129C}.Release|Any CPU.ActiveCfg = Release|Any CPU
		{0C8FC6E1-8A43-4F50-9C14-59BA9491129C}.Release|Any CPU.Build.0 = Release|Any CPU
		{16DBBD2C-CB9E-4A62-9EE2-DF5179E083C7}.Debug|Any CPU.ActiveCfg = Debug|Any CPU
		{16DBBD2C-CB9E-4A62-9EE2-DF5179E083C7}.Debug|Any CPU.Build.0 = Debug|Any CPU
		{16DBBD2C-CB9E-4A62-9EE2-DF5179E083C7}.Release|Any CPU.ActiveCfg = Release|Any CPU
		{16DBBD2C-CB9E-4A62-9EE2-DF5179E083C7}.Release|Any CPU.Build.0 = Release|Any CPU
		{79864A1E-3EC2-4C9E-880A-85DAF3824DB6}.Debug|Any CPU.ActiveCfg = Debug|Any CPU
		{79864A1E-3EC2-4C9E-880A-85DAF3824DB6}.Debug|Any CPU.Build.0 = Debug|Any CPU
		{79864A1E-3EC2-4C9E-880A-85DAF3824DB6}.Release|Any CPU.ActiveCfg = Release|Any CPU
		{79864A1E-3EC2-4C9E-880A-85DAF3824DB6}.Release|Any CPU.Build.0 = Release|Any CPU
		{89A4D442-8DBE-4488-914A-2A10A9D8DEC2}.Debug|Any CPU.ActiveCfg = Debug|Any CPU
		{89A4D442-8DBE-4488-914A-2A10A9D8DEC2}.Debug|Any CPU.Build.0 = Debug|Any CPU
		{89A4D442-8DBE-4488-914A-2A10A9D8DEC2}.Release|Any CPU.ActiveCfg = Release|Any CPU
		{89A4D442-8DBE-4488-914A-2A10A9D8DEC2}.Release|Any CPU.Build.0 = Release|Any CPU
		{F53E31CC-0E9E-4010-A28A-7012BC868A51}.Debug|Any CPU.ActiveCfg = Debug|Any CPU
		{F53E31CC-0E9E-4010-A28A-7012BC868A51}.Debug|Any CPU.Build.0 = Debug|Any CPU
		{F53E31CC-0E9E-4010-A28A-7012BC868A51}.Release|Any CPU.ActiveCfg = Release|Any CPU
		{F53E31CC-0E9E-4010-A28A-7012BC868A51}.Release|Any CPU.Build.0 = Release|Any CPU
	EndGlobalSection
	GlobalSection(NestedProjects) = preSolution
		{89A4D442-8DBE-4488-914A-2A10A9D8DEC2} = {960F3A49-894A-4961-9A28-44FC041878F5}
		{F53E31CC-0E9E-4010-A28A-7012BC868A51} = {960F3A49-894A-4961-9A28-44FC041878F5}
	EndGlobalSection
EndGlobal
